// !$*UTF8*$!
{
	archiveVersion = 1;
	classes = {
	};
	objectVersion = 55;
	objects = {

/* Begin PBXBuildFile section */
		3BEE339AAC37FE9D7187A8FF /* Pods_SecondTask.framework in Frameworks */ = {isa = PBXBuildFile; fileRef = CA595D616B1376122D0039B9 /* Pods_SecondTask.framework */; };
		BE2CDE5D27BEFF21003669A0 /* AppDelegate.swift in Sources */ = {isa = PBXBuildFile; fileRef = BE2CDE5C27BEFF21003669A0 /* AppDelegate.swift */; };
		BE2CDE6727BEFF21003669A0 /* SecondTask.xcdatamodeld in Sources */ = {isa = PBXBuildFile; fileRef = BE2CDE6527BEFF21003669A0 /* SecondTask.xcdatamodeld */; };
		BE2CDE6927BEFF22003669A0 /* Assets.xcassets in Resources */ = {isa = PBXBuildFile; fileRef = BE2CDE6827BEFF22003669A0 /* Assets.xcassets */; };
		BE2CDE6C27BEFF22003669A0 /* LaunchScreen.storyboard in Resources */ = {isa = PBXBuildFile; fileRef = BE2CDE6A27BEFF22003669A0 /* LaunchScreen.storyboard */; };
		BE2CDE7727BF0007003669A0 /* FirstVC.swift in Sources */ = {isa = PBXBuildFile; fileRef = BE2CDE7627BF0007003669A0 /* FirstVC.swift */; };
		BE2CDE7A27BF0331003669A0 /* Extras.swift in Sources */ = {isa = PBXBuildFile; fileRef = BE2CDE7927BF0331003669A0 /* Extras.swift */; };
		BE2CDE8027BF03D7003669A0 /* Extensions.swift in Sources */ = {isa = PBXBuildFile; fileRef = BE2CDE7F27BF03D7003669A0 /* Extensions.swift */; };
		BE2CDE8727BF0A47003669A0 /* ForecastCell.swift in Sources */ = {isa = PBXBuildFile; fileRef = BE2CDE8627BF0A47003669A0 /* ForecastCell.swift */; };
/* End PBXBuildFile section */

/* Begin PBXFileReference section */
		BE2CDE5927BEFF21003669A0 /* SecondTask.app */ = {isa = PBXFileReference; explicitFileType = wrapper.application; includeInIndex = 0; path = SecondTask.app; sourceTree = BUILT_PRODUCTS_DIR; };
		BE2CDE5C27BEFF21003669A0 /* AppDelegate.swift */ = {isa = PBXFileReference; lastKnownFileType = sourcecode.swift; path = AppDelegate.swift; sourceTree = "<group>"; };
		BE2CDE6627BEFF21003669A0 /* SecondTask.xcdatamodel */ = {isa = PBXFileReference; lastKnownFileType = wrapper.xcdatamodel; path = SecondTask.xcdatamodel; sourceTree = "<group>"; };
		BE2CDE6827BEFF22003669A0 /* Assets.xcassets */ = {isa = PBXFileReference; lastKnownFileType = folder.assetcatalog; path = Assets.xcassets; sourceTree = "<group>"; };
		BE2CDE6B27BEFF22003669A0 /* Base */ = {isa = PBXFileReference; lastKnownFileType = file.storyboard; name = Base; path = Base.lproj/LaunchScreen.storyboard; sourceTree = "<group>"; };
		BE2CDE6D27BEFF22003669A0 /* Info.plist */ = {isa = PBXFileReference; lastKnownFileType = text.plist.xml; path = Info.plist; sourceTree = "<group>"; };
		BE2CDE7627BF0007003669A0 /* FirstVC.swift */ = {isa = PBXFileReference; lastKnownFileType = sourcecode.swift; path = FirstVC.swift; sourceTree = "<group>"; };
		BE2CDE7927BF0331003669A0 /* Extras.swift */ = {isa = PBXFileReference; lastKnownFileType = sourcecode.swift; path = Extras.swift; sourceTree = "<group>"; };
		BE2CDE7F27BF03D7003669A0 /* Extensions.swift */ = {isa = PBXFileReference; lastKnownFileType = sourcecode.swift; path = Extensions.swift; sourceTree = "<group>"; };
		BE2CDE8627BF0A47003669A0 /* ForecastCell.swift */ = {isa = PBXFileReference; lastKnownFileType = sourcecode.swift; path = ForecastCell.swift; sourceTree = "<group>"; };
		CA595D616B1376122D0039B9 /* Pods_SecondTask.framework */ = {isa = PBXFileReference; explicitFileType = wrapper.framework; includeInIndex = 0; path = Pods_SecondTask.framework; sourceTree = BUILT_PRODUCTS_DIR; };
		CB405D7A42BB377F86BEFB06 /* Pods-SecondTask.release.xcconfig */ = {isa = PBXFileReference; includeInIndex = 1; lastKnownFileType = text.xcconfig; name = "Pods-SecondTask.release.xcconfig"; path = "Target Support Files/Pods-SecondTask/Pods-SecondTask.release.xcconfig"; sourceTree = "<group>"; };
		F227ED68B7B58E98E2BBCE88 /* Pods-SecondTask.debug.xcconfig */ = {isa = PBXFileReference; includeInIndex = 1; lastKnownFileType = text.xcconfig; name = "Pods-SecondTask.debug.xcconfig"; path = "Target Support Files/Pods-SecondTask/Pods-SecondTask.debug.xcconfig"; sourceTree = "<group>"; };
/* End PBXFileReference section */

/* Begin PBXFrameworksBuildPhase section */
		BE2CDE5627BEFF21003669A0 /* Frameworks */ = {
			isa = PBXFrameworksBuildPhase;
			buildActionMask = 2147483647;
			files = (
				3BEE339AAC37FE9D7187A8FF /* Pods_SecondTask.framework in Frameworks */,
			);
			runOnlyForDeploymentPostprocessing = 0;
		};
/* End PBXFrameworksBuildPhase section */

/* Begin PBXGroup section */
		03E9C705222356344C7EB340 /* Pods */ = {
			isa = PBXGroup;
			children = (
				F227ED68B7B58E98E2BBCE88 /* Pods-SecondTask.debug.xcconfig */,
				CB405D7A42BB377F86BEFB06 /* Pods-SecondTask.release.xcconfig */,
			);
			path = Pods;
			sourceTree = "<group>";
		};
		9E18EA1729B25DEF28276B96 /* Frameworks */ = {
			isa = PBXGroup;
			children = (
				CA595D616B1376122D0039B9 /* Pods_SecondTask.framework */,
			);
			name = Frameworks;
			sourceTree = "<group>";
		};
		BE2CDE5027BEFF21003669A0 = {
			isa = PBXGroup;
			children = (
				BE2CDE5B27BEFF21003669A0 /* SecondTask */,
				BE2CDE5A27BEFF21003669A0 /* Products */,
				03E9C705222356344C7EB340 /* Pods */,
				9E18EA1729B25DEF28276B96 /* Frameworks */,
			);
			sourceTree = "<group>";
		};
		BE2CDE5A27BEFF21003669A0 /* Products */ = {
			isa = PBXGroup;
			children = (
				BE2CDE5927BEFF21003669A0 /* SecondTask.app */,
			);
			name = Products;
			sourceTree = "<group>";
		};
		BE2CDE5B27BEFF21003669A0 /* SecondTask */ = {
			isa = PBXGroup;
			children = (
				BE2CDE7327BEFF5B003669A0 /* Application */,
				BE2CDE7B27BF035D003669A0 /* Models */,
				BE2CDE7E27BF03C4003669A0 /* Extensions */,
				BE2CDE7827BF031A003669A0 /* Managers */,
				BE2CDE8527BF0A24003669A0 /* CellView */,
				BE2CDE7527BEFFDC003669A0 /* Scenes */,
				BE2CDE7427BEFFA6003669A0 /* Resources */,
				BE2CDE6D27BEFF22003669A0 /* Info.plist */,
			);
			path = SecondTask;
			sourceTree = "<group>";
		};
		BE2CDE7327BEFF5B003669A0 /* Application */ = {
			isa = PBXGroup;
			children = (
				BE2CDE5C27BEFF21003669A0 /* AppDelegate.swift */,
			);
			path = Application;
			sourceTree = "<group>";
		};
		BE2CDE7427BEFFA6003669A0 /* Resources */ = {
			isa = PBXGroup;
			children = (
				BE2CDE6527BEFF21003669A0 /* SecondTask.xcdatamodeld */,
				BE2CDE6A27BEFF22003669A0 /* LaunchScreen.storyboard */,
				BE2CDE6827BEFF22003669A0 /* Assets.xcassets */,
			);
			path = Resources;
			sourceTree = "<group>";
		};
		BE2CDE7527BEFFDC003669A0 /* Scenes */ = {
			isa = PBXGroup;
			children = (
				BE2CDE7627BF0007003669A0 /* FirstVC.swift */,
			);
			path = Scenes;
			sourceTree = "<group>";
		};
		BE2CDE7827BF031A003669A0 /* Managers */ = {
			isa = PBXGroup;
			children = (
				BE2CDE7927BF0331003669A0 /* Extras.swift */,
			);
			path = Managers;
			sourceTree = "<group>";
		};
		BE2CDE7B27BF035D003669A0 /* Models */ = {
			isa = PBXGroup;
			children = (
			);
			path = Models;
			sourceTree = "<group>";
		};
		BE2CDE7E27BF03C4003669A0 /* Extensions */ = {
			isa = PBXGroup;
			children = (
				BE2CDE7F27BF03D7003669A0 /* Extensions.swift */,
			);
			path = Extensions;
			sourceTree = "<group>";
		};
		BE2CDE8527BF0A24003669A0 /* CellView */ = {
			isa = PBXGroup;
			children = (
				BE2CDE8627BF0A47003669A0 /* ForecastCell.swift */,
			);
			path = CellView;
			sourceTree = "<group>";
		};
/* End PBXGroup section */

/* Begin PBXNativeTarget section */
		BE2CDE5827BEFF21003669A0 /* SecondTask */ = {
			isa = PBXNativeTarget;
			buildConfigurationList = BE2CDE7027BEFF22003669A0 /* Build configuration list for PBXNativeTarget "SecondTask" */;
			buildPhases = (
				9ABF4FE5B6B810B52BCC2D2A /* [CP] Check Pods Manifest.lock */,
				BE2CDE5527BEFF21003669A0 /* Sources */,
				BE2CDE5627BEFF21003669A0 /* Frameworks */,
				BE2CDE5727BEFF21003669A0 /* Resources */,
				B1B3DDFE118B53878FEFCB0B /* [CP] Embed Pods Frameworks */,
			);
			buildRules = (
			);
			dependencies = (
			);
			name = SecondTask;
			productName = SecondTask;
			productReference = BE2CDE5927BEFF21003669A0 /* SecondTask.app */;
			productType = "com.apple.product-type.application";
		};
/* End PBXNativeTarget section */

/* Begin PBXProject section */
		BE2CDE5127BEFF21003669A0 /* Project object */ = {
			isa = PBXProject;
			attributes = {
				BuildIndependentTargetsInParallel = 1;
				LastSwiftUpdateCheck = 1310;
				LastUpgradeCheck = 1310;
				TargetAttributes = {
					BE2CDE5827BEFF21003669A0 = {
						CreatedOnToolsVersion = 13.1;
					};
				};
			};
			buildConfigurationList = BE2CDE5427BEFF21003669A0 /* Build configuration list for PBXProject "SecondTask" */;
			compatibilityVersion = "Xcode 13.0";
			developmentRegion = en;
			hasScannedForEncodings = 0;
			knownRegions = (
				en,
				Base,
			);
			mainGroup = BE2CDE5027BEFF21003669A0;
			productRefGroup = BE2CDE5A27BEFF21003669A0 /* Products */;
			projectDirPath = "";
			projectRoot = "";
			targets = (
				BE2CDE5827BEFF21003669A0 /* SecondTask */,
			);
		};
/* End PBXProject section */

/* Begin PBXResourcesBuildPhase section */
		BE2CDE5727BEFF21003669A0 /* Resources */ = {
			isa = PBXResourcesBuildPhase;
			buildActionMask = 2147483647;
			files = (
				BE2CDE6C27BEFF22003669A0 /* LaunchScreen.storyboard in Resources */,
				BE2CDE6927BEFF22003669A0 /* Assets.xcassets in Resources */,
			);
			runOnlyForDeploymentPostprocessing = 0;
		};
/* End PBXResourcesBuildPhase section */

/* Begin PBXShellScriptBuildPhase section */
		9ABF4FE5B6B810B52BCC2D2A /* [CP] Check Pods Manifest.lock */ = {
			isa = PBXShellScriptBuildPhase;
			buildActionMask = 2147483647;
			files = (
			);
			inputFileListPaths = (
			);
			inputPaths = (
				"${PODS_PODFILE_DIR_PATH}/Podfile.lock",
				"${PODS_ROOT}/Manifest.lock",
			);
			name = "[CP] Check Pods Manifest.lock";
			outputFileListPaths = (
			);
			outputPaths = (
				"$(DERIVED_FILE_DIR)/Pods-SecondTask-checkManifestLockResult.txt",
			);
			runOnlyForDeploymentPostprocessing = 0;
			shellPath = /bin/sh;
			shellScript = "diff \"${PODS_PODFILE_DIR_PATH}/Podfile.lock\" \"${PODS_ROOT}/Manifest.lock\" > /dev/null\nif [ $? != 0 ] ; then\n    # print error to STDERR\n    echo \"error: The sandbox is not in sync with the Podfile.lock. Run 'pod install' or update your CocoaPods installation.\" >&2\n    exit 1\nfi\n# This output is used by Xcode 'outputs' to avoid re-running this script phase.\necho \"SUCCESS\" > \"${SCRIPT_OUTPUT_FILE_0}\"\n";
			showEnvVarsInLog = 0;
		};
		B1B3DDFE118B53878FEFCB0B /* [CP] Embed Pods Frameworks */ = {
			isa = PBXShellScriptBuildPhase;
			buildActionMask = 2147483647;
			files = (
			);
			inputFileListPaths = (
				"${PODS_ROOT}/Target Support Files/Pods-SecondTask/Pods-SecondTask-frameworks-${CONFIGURATION}-input-files.xcfilelist",
			);
			name = "[CP] Embed Pods Frameworks";
			outputFileListPaths = (
				"${PODS_ROOT}/Target Support Files/Pods-SecondTask/Pods-SecondTask-frameworks-${CONFIGURATION}-output-files.xcfilelist",
			);
			runOnlyForDeploymentPostprocessing = 0;
			shellPath = /bin/sh;
			shellScript = "\"${PODS_ROOT}/Target Support Files/Pods-SecondTask/Pods-SecondTask-frameworks.sh\"\n";
			showEnvVarsInLog = 0;
		};
/* End PBXShellScriptBuildPhase section */

/* Begin PBXSourcesBuildPhase section */
		BE2CDE5527BEFF21003669A0 /* Sources */ = {
			isa = PBXSourcesBuildPhase;
			buildActionMask = 2147483647;
			files = (
				BE2CDE5D27BEFF21003669A0 /* AppDelegate.swift in Sources */,
				BE2CDE8027BF03D7003669A0 /* Extensions.swift in Sources */,
				BE2CDE8727BF0A47003669A0 /* ForecastCell.swift in Sources */,
				BE2CDE7727BF0007003669A0 /* FirstVC.swift in Sources */,
				BE2CDE7A27BF0331003669A0 /* Extras.swift in Sources */,
				BE2CDE6727BEFF21003669A0 /* SecondTask.xcdatamodeld in Sources */,
			);
			runOnlyForDeploymentPostprocessing = 0;
		};
/* End PBXSourcesBuildPhase section */

/* Begin PBXVariantGroup section */
		BE2CDE6A27BEFF22003669A0 /* LaunchScreen.storyboard */ = {
			isa = PBXVariantGroup;
			children = (
				BE2CDE6B27BEFF22003669A0 /* Base */,
			);
			name = LaunchScreen.storyboard;
			sourceTree = "<group>";
		};
/* End PBXVariantGroup section */

/* Begin XCBuildConfiguration section */
		BE2CDE6E27BEFF22003669A0 /* Debug */ = {
			isa = XCBuildConfiguration;
			buildSettings = {
				ALWAYS_SEARCH_USER_PATHS = NO;
				CLANG_ANALYZER_NONNULL = YES;
				CLANG_ANALYZER_NUMBER_OBJECT_CONVERSION = YES_AGGRESSIVE;
				CLANG_CXX_LANGUAGE_STANDARD = "gnu++17";
				CLANG_CXX_LIBRARY = "libc++";
				CLANG_ENABLE_MODULES = YES;
				CLANG_ENABLE_OBJC_ARC = YES;
				CLANG_ENABLE_OBJC_WEAK = YES;
				CLANG_WARN_BLOCK_CAPTURE_AUTORELEASING = YES;
				CLANG_WARN_BOOL_CONVERSION = YES;
				CLANG_WARN_COMMA = YES;
				CLANG_WARN_CONSTANT_CONVERSION = YES;
				CLANG_WARN_DEPRECATED_OBJC_IMPLEMENTATIONS = YES;
				CLANG_WARN_DIRECT_OBJC_ISA_USAGE = YES_ERROR;
				CLANG_WARN_DOCUMENTATION_COMMENTS = YES;
				CLANG_WARN_EMPTY_BODY = YES;
				CLANG_WARN_ENUM_CONVERSION = YES;
				CLANG_WARN_INFINITE_RECURSION = YES;
				CLANG_WARN_INT_CONVERSION = YES;
				CLANG_WARN_NON_LITERAL_NULL_CONVERSION = YES;
				CLANG_WARN_OBJC_IMPLICIT_RETAIN_SELF = YES;
				CLANG_WARN_OBJC_LITERAL_CONVERSION = YES;
				CLANG_WARN_OBJC_ROOT_CLASS = YES_ERROR;
				CLANG_WARN_QUOTED_INCLUDE_IN_FRAMEWORK_HEADER = YES;
				CLANG_WARN_RANGE_LOOP_ANALYSIS = YES;
				CLANG_WARN_STRICT_PROTOTYPES = YES;
				CLANG_WARN_SUSPICIOUS_MOVE = YES;
				CLANG_WARN_UNGUARDED_AVAILABILITY = YES_AGGRESSIVE;
				CLANG_WARN_UNREACHABLE_CODE = YES;
				CLANG_WARN__DUPLICATE_METHOD_MATCH = YES;
				COPY_PHASE_STRIP = NO;
				DEBUG_INFORMATION_FORMAT = dwarf;
				ENABLE_STRICT_OBJC_MSGSEND = YES;
				ENABLE_TESTABILITY = YES;
				GCC_C_LANGUAGE_STANDARD = gnu11;
				GCC_DYNAMIC_NO_PIC = NO;
				GCC_NO_COMMON_BLOCKS = YES;
				GCC_OPTIMIZATION_LEVEL = 0;
				GCC_PREPROCESSOR_DEFINITIONS = (
					"DEBUG=1",
					"$(inherited)",
				);
				GCC_WARN_64_TO_32_BIT_CONVERSION = YES;
				GCC_WARN_ABOUT_RETURN_TYPE = YES_ERROR;
				GCC_WARN_UNDECLARED_SELECTOR = YES;
				GCC_WARN_UNINITIALIZED_AUTOS = YES_AGGRESSIVE;
				GCC_WARN_UNUSED_FUNCTION = YES;
				GCC_WARN_UNUSED_VARIABLE = YES;
				IPHONEOS_DEPLOYMENT_TARGET = 15.0;
				MTL_ENABLE_DEBUG_INFO = INCLUDE_SOURCE;
				MTL_FAST_MATH = YES;
				ONLY_ACTIVE_ARCH = YES;
				SDKROOT = iphoneos;
				SWIFT_ACTIVE_COMPILATION_CONDITIONS = DEBUG;
				SWIFT_OPTIMIZATION_LEVEL = "-Onone";
			};
			name = Debug;
		};
		BE2CDE6F27BEFF22003669A0 /* Release */ = {
			isa = XCBuildConfiguration;
			buildSettings = {
				ALWAYS_SEARCH_USER_PATHS = NO;
				CLANG_ANALYZER_NONNULL = YES;
				CLANG_ANALYZER_NUMBER_OBJECT_CONVERSION = YES_AGGRESSIVE;
				CLANG_CXX_LANGUAGE_STANDARD = "gnu++17";
				CLANG_CXX_LIBRARY = "libc++";
				CLANG_ENABLE_MODULES = YES;
				CLANG_ENABLE_OBJC_ARC = YES;
				CLANG_ENABLE_OBJC_WEAK = YES;
				CLANG_WARN_BLOCK_CAPTURE_AUTORELEASING = YES;
				CLANG_WARN_BOOL_CONVERSION = YES;
				CLANG_WARN_COMMA = YES;
				CLANG_WARN_CONSTANT_CONVERSION = YES;
				CLANG_WARN_DEPRECATED_OBJC_IMPLEMENTATIONS = YES;
				CLANG_WARN_DIRECT_OBJC_ISA_USAGE = YES_ERROR;
				CLANG_WARN_DOCUMENTATION_COMMENTS = YES;
				CLANG_WARN_EMPTY_BODY = YES;
				CLANG_WARN_ENUM_CONVERSION = YES;
				CLANG_WARN_INFINITE_RECURSION = YES;
				CLANG_WARN_INT_CONVERSION = YES;
				CLANG_WARN_NON_LITERAL_NULL_CONVERSION = YES;
				CLANG_WARN_OBJC_IMPLICIT_RETAIN_SELF = YES;
				CLANG_WARN_OBJC_LITERAL_CONVERSION = YES;
				CLANG_WARN_OBJC_ROOT_CLASS = YES_ERROR;
				CLANG_WARN_QUOTED_INCLUDE_IN_FRAMEWORK_HEADER = YES;
				CLANG_WARN_RANGE_LOOP_ANALYSIS = YES;
				CLANG_WARN_STRICT_PROTOTYPES = YES;
				CLANG_WARN_SUSPICIOUS_MOVE = YES;
				CLANG_WARN_UNGUARDED_AVAILABILITY = YES_AGGRESSIVE;
				CLANG_WARN_UNREACHABLE_CODE = YES;
				CLANG_WARN__DUPLICATE_METHOD_MATCH = YES;
				COPY_PHASE_STRIP = NO;
				DEBUG_INFORMATION_FORMAT = "dwarf-with-dsym";
				ENABLE_NS_ASSERTIONS = NO;
				ENABLE_STRICT_OBJC_MSGSEND = YES;
				GCC_C_LANGUAGE_STANDARD = gnu11;
				GCC_NO_COMMON_BLOCKS = YES;
				GCC_WARN_64_TO_32_BIT_CONVERSION = YES;
				GCC_WARN_ABOUT_RETURN_TYPE = YES_ERROR;
				GCC_WARN_UNDECLARED_SELECTOR = YES;
				GCC_WARN_UNINITIALIZED_AUTOS = YES_AGGRESSIVE;
				GCC_WARN_UNUSED_FUNCTION = YES;
				GCC_WARN_UNUSED_VARIABLE = YES;
				IPHONEOS_DEPLOYMENT_TARGET = 15.0;
				MTL_ENABLE_DEBUG_INFO = NO;
				MTL_FAST_MATH = YES;
				SDKROOT = iphoneos;
				SWIFT_COMPILATION_MODE = wholemodule;
				SWIFT_OPTIMIZATION_LEVEL = "-O";
				VALIDATE_PRODUCT = YES;
			};
			name = Release;
		};
		BE2CDE7127BEFF22003669A0 /* Debug */ = {
			isa = XCBuildConfiguration;
			baseConfigurationReference = F227ED68B7B58E98E2BBCE88 /* Pods-SecondTask.debug.xcconfig */;
			buildSettings = {
				ASSETCATALOG_COMPILER_APPICON_NAME = AppIcon;
				ASSETCATALOG_COMPILER_GLOBAL_ACCENT_COLOR_NAME = AccentColor;
				CODE_SIGN_STYLE = Automatic;
				CURRENT_PROJECT_VERSION = 1;
				DEVELOPMENT_TEAM = GDP346N277;
				GENERATE_INFOPLIST_FILE = YES;
				INFOPLIST_FILE = SecondTask/Info.plist;
				INFOPLIST_KEY_UIApplicationSupportsIndirectInputEvents = YES;
				INFOPLIST_KEY_UILaunchStoryboardName = LaunchScreen;
				INFOPLIST_KEY_UISupportedInterfaceOrientations_iPad = "UIInterfaceOrientationPortrait UIInterfaceOrientationPortraitUpsideDown UIInterfaceOrientationLandscapeLeft UIInterfaceOrientationLandscapeRight";
				INFOPLIST_KEY_UISupportedInterfaceOrientations_iPhone = "UIInterfaceOrientationPortrait UIInterfaceOrientationLandscapeLeft UIInterfaceOrientationLandscapeRight";
				LD_RUNPATH_SEARCH_PATHS = (
					"$(inherited)",
					"@executable_path/Frameworks",
				);
				MARKETING_VERSION = 1.0;
				PRODUCT_BUNDLE_IDENTIFIER = team.SecondTask;
				PRODUCT_NAME = "$(TARGET_NAME)";
				SWIFT_EMIT_LOC_STRINGS = YES;
				SWIFT_VERSION = 5.0;
				TARGETED_DEVICE_FAMILY = "1,2";
			};
			name = Debug;
		};
		BE2CDE7227BEFF22003669A0 /* Release */ = {
			isa = XCBuildConfiguration;
			baseConfigurationReference = CB405D7A42BB377F86BEFB06 /* Pods-SecondTask.release.xcconfig */;
			buildSettings = {
				ASSETCATALOG_COMPILER_APPICON_NAME = AppIcon;
				ASSETCATALOG_COMPILER_GLOBAL_ACCENT_COLOR_NAME = AccentColor;
				CODE_SIGN_STYLE = Automatic;
				CURRENT_PROJECT_VERSION = 1;
				DEVELOPMENT_TEAM = GDP346N277;
				GENERATE_INFOPLIST_FILE = YES;
				INFOPLIST_FILE = SecondTask/Info.plist;
				INFOPLIST_KEY_UIApplicationSupportsIndirectInputEvents = YES;
				INFOPLIST_KEY_UILaunchStoryboardName = LaunchScreen;
				INFOPLIST_KEY_UISupportedInterfaceOrientations_iPad = "UIInterfaceOrientationPortrait UIInterfaceOrientationPortraitUpsideDown UIInterfaceOrientationLandscapeLeft UIInterfaceOrientationLandscapeRight";
				INFOPLIST_KEY_UISupportedInterfaceOrientations_iPhone = "UIInterfaceOrientationPortrait UIInterfaceOrientationLandscapeLeft UIInterfaceOrientationLandscapeRight";
				LD_RUNPATH_SEARCH_PATHS = (
					"$(inherited)",
					"@executable_path/Frameworks",
				);
				MARKETING_VERSION = 1.0;
				PRODUCT_BUNDLE_IDENTIFIER = team.SecondTask;
				PRODUCT_NAME = "$(TARGET_NAME)";
				SWIFT_EMIT_LOC_STRINGS = YES;
				SWIFT_VERSION = 5.0;
				TARGETED_DEVICE_FAMILY = "1,2";
			};
			name = Release;
		};
/* End XCBuildConfiguration section */

/* Begin XCConfigurationList section */
		BE2CDE5427BEFF21003669A0 /* Build configuration list for PBXProject "SecondTask" */ = {
			isa = XCConfigurationList;
			buildConfigurations = (
				BE2CDE6E27BEFF22003669A0 /* Debug */,
				BE2CDE6F27BEFF22003669A0 /* Release */,
			);
			defaultConfigurationIsVisible = 0;
			defaultConfigurationName = Release;
		};
		BE2CDE7027BEFF22003669A0 /* Build configuration list for PBXNativeTarget "SecondTask" */ = {
			isa = XCConfigurationList;
			buildConfigurations = (
				BE2CDE7127BEFF22003669A0 /* Debug */,
				BE2CDE7227BEFF22003669A0 /* Release */,
			);
			defaultConfigurationIsVisible = 0;
			defaultConfigurationName = Release;
		};
/* End XCConfigurationList section */

/* Begin XCVersionGroup section */
		BE2CDE6527BEFF21003669A0 /* SecondTask.xcdatamodeld */ = {
			isa = XCVersionGroup;
			children = (
				BE2CDE6627BEFF21003669A0 /* SecondTask.xcdatamodel */,
			);
			currentVersion = BE2CDE6627BEFF21003669A0 /* SecondTask.xcdatamodel */;
			path = SecondTask.xcdatamodeld;
			sourceTree = "<group>";
			versionGroupType = wrapper.xcdatamodel;
		};
/* End XCVersionGroup section */
	};
	rootObject = BE2CDE5127BEFF21003669A0 /* Project object */;
}
